
Microsoft Visual Studio Solution File, Format Version 12.00
# Visual Studio Version 17
VisualStudioVersion = 17.5.002.0
MinimumVisualStudioVersion = 10.0.40219.1
Project("{9A19103F-16F7-4668-BE54-9A1E7A4F7556}") = "Exo.WebApi", "Exo.WebApi.csproj", "{B94BC7D8-118B-4D2B-B132-9F5600D53AE4}"
EndProject
Global
	GlobalSection(SolutionConfigurationPlatforms) = preSolution
		Debug|Any CPU = Debug|Any CPU
		Release|Any CPU = Release|Any CPU
	EndGlobalSection
	GlobalSection(ProjectConfigurationPlatforms) = postSolution
		{B94BC7D8-118B-4D2B-B132-9F5600D53AE4}.Debug|Any CPU.ActiveCfg = Debug|Any CPU
		{B94BC7D8-118B-4D2B-B132-9F5600D53AE4}.Debug|Any CPU.Build.0 = Debug|Any CPU
		{B94BC7D8-118B-4D2B-B132-9F5600D53AE4}.Release|Any CPU.ActiveCfg = Release|Any CPU
		{B94BC7D8-118B-4D2B-B132-9F5600D53AE4}.Release|Any CPU.Build.0 = Release|Any CPU
	EndGlobalSection
	GlobalSection(SolutionProperties) = preSolution
		HideSolutionNode = FALSE
	EndGlobalSection
	GlobalSection(ExtensibilityGlobals) = postSolution
		SolutionGuid = {38593FA9-3EDA-4DC7-871D-5C4C0321937D}
	EndGlobalSection
EndGlobal
